
Microsoft Visual Studio Solution File, Format Version 12.00
# Visual Studio 2012
Project("{FAE04EC0-301F-11D3-BF4B-00C04F79EFBC}") = "Pke.Algorithms", "Pke.Algorithms\Pke.Algorithms.csproj", "{1CAB4AAF-C91C-4002-8136-0145A80DE658}"
EndProject
Project("{FAE04EC0-301F-11D3-BF4B-00C04F79EFBC}") = "Pke.Algorithms.Tests", "Pke.Algorithms.Tests\Pke.Algorithms.Tests.csproj", "{583903A1-3C67-4DE7-A89C-DAA89A4D90F1}"
EndProject
Global
	GlobalSection(SolutionConfigurationPlatforms) = preSolution
		Debug|Any CPU = Debug|Any CPU
		Release|Any CPU = Release|Any CPU
	EndGlobalSection
	GlobalSection(ProjectConfigurationPlatforms) = postSolution
		{1CAB4AAF-C91C-4002-8136-0145A80DE658}.Debug|Any CPU.ActiveCfg = Debug|Any CPU
		{1CAB4AAF-C91C-4002-8136-0145A80DE658}.Debug|Any CPU.Build.0 = Debug|Any CPU
		{1CAB4AAF-C91C-4002-8136-0145A80DE658}.Release|Any CPU.ActiveCfg = Release|Any CPU
		{1CAB4AAF-C91C-4002-8136-0145A80DE658}.Release|Any CPU.Build.0 = Release|Any CPU
		{583903A1-3C67-4DE7-A89C-DAA89A4D90F1}.Debug|Any CPU.ActiveCfg = Debug|Any CPU
		{583903A1-3C67-4DE7-A89C-DAA89A4D90F1}.Debug|Any CPU.Build.0 = Debug|Any CPU
		{583903A1-3C67-4DE7-A89C-DAA89A4D90F1}.Release|Any CPU.ActiveCfg = Release|Any CPU
		{583903A1-3C67-4DE7-A89C-DAA89A4D90F1}.Release|Any CPU.Build.0 = Release|Any CPU
	EndGlobalSection
EndGlobal
